
Microsoft Visual Studio Solution File, Format Version 12.00
# Visual Studio 15
VisualStudioVersion = 15.0.26430.15
MinimumVisualStudioVersion = 10.0.40219.1
Project("{FAE04EC0-301F-11D3-BF4B-00C04F79EFBC}") = "NovelDemo.Web", "NovelDemo.Web\NovelDemo.Web.csproj", "{8B9212A9-4D2C-40E5-9474-DCC962FCD953}"
EndProject
Project("{FAE04EC0-301F-11D3-BF4B-00C04F79EFBC}") = "NovelDemo.Web.Tests", "NovelDemo.Web.Tests\NovelDemo.Web.Tests.csproj", "{3A36B649-F444-4992-B4BE-5FB1DECF92AD}"
EndProject
Project("{FAE04EC0-301F-11D3-BF4B-00C04F79EFBC}") = "NovelDemo.Models", "NovelDemo.Models\NovelDemo.Models.csproj", "{2697B923-6BDE-4FE3-A782-048935144A0F}"
EndProject
Project("{FAE04EC0-301F-11D3-BF4B-00C04F79EFBC}") = "NovelDemo.Models.Test", "NovelDemo.Models.Test\NovelDemo.Models.Test.csproj", "{1AEBD1E9-E0E8-4691-8E60-808EF68BC14F}"
EndProject
Global
	GlobalSection(SolutionConfigurationPlatforms) = preSolution
		Debug|Any CPU = Debug|Any CPU
		Release|Any CPU = Release|Any CPU
	EndGlobalSection
	GlobalSection(ProjectConfigurationPlatforms) = postSolution
		{8B9212A9-4D2C-40E5-9474-DCC962FCD953}.Debug|Any CPU.ActiveCfg = Debug|Any CPU
		{8B9212A9-4D2C-40E5-9474-DCC962FCD953}.Debug|Any CPU.Build.0 = Debug|Any CPU
		{8B9212A9-4D2C-40E5-9474-DCC962FCD953}.Release|Any CPU.ActiveCfg = Release|Any CPU
		{8B9212A9-4D2C-40E5-9474-DCC962FCD953}.Release|Any CPU.Build.0 = Release|Any CPU
		{3A36B649-F444-4992-B4BE-5FB1DECF92AD}.Debug|Any CPU.ActiveCfg = Debug|Any CPU
		{3A36B649-F444-4992-B4BE-5FB1DECF92AD}.Debug|Any CPU.Build.0 = Debug|Any CPU
		{3A36B649-F444-4992-B4BE-5FB1DECF92AD}.Release|Any CPU.ActiveCfg = Release|Any CPU
		{3A36B649-F444-4992-B4BE-5FB1DECF92AD}.Release|Any CPU.Build.0 = Release|Any CPU
		{2697B923-6BDE-4FE3-A782-048935144A0F}.Debug|Any CPU.ActiveCfg = Debug|Any CPU
		{2697B923-6BDE-4FE3-A782-048935144A0F}.Debug|Any CPU.Build.0 = Debug|Any CPU
		{2697B923-6BDE-4FE3-A782-048935144A0F}.Release|Any CPU.ActiveCfg = Release|Any CPU
		{2697B923-6BDE-4FE3-A782-048935144A0F}.Release|Any CPU.Build.0 = Release|Any CPU
		{1AEBD1E9-E0E8-4691-8E60-808EF68BC14F}.Debug|Any CPU.ActiveCfg = Debug|Any CPU
		{1AEBD1E9-E0E8-4691-8E60-808EF68BC14F}.Debug|Any CPU.Build.0 = Debug|Any CPU
		{1AEBD1E9-E0E8-4691-8E60-808EF68BC14F}.Release|Any CPU.ActiveCfg = Release|Any CPU
		{1AEBD1E9-E0E8-4691-8E60-808EF68BC14F}.Release|Any CPU.Build.0 = Release|Any CPU
	EndGlobalSection
	GlobalSection(SolutionProperties) = preSolution
		HideSolutionNode = FALSE
	EndGlobalSection
EndGlobal
